
Microsoft Visual Studio Solution File, Format Version 12.00
# Visual Studio Version 16
VisualStudioVersion = 16.0.30413.136
MinimumVisualStudioVersion = 10.0.40219.1
Project("{FAE04EC0-301F-11D3-BF4B-00C04F79EFBC}") = "CodeBlogFitness.BL", "CodeBlogFitness.BL\CodeBlogFitness.BL.csproj", "{C7EE0A44-8BBC-4742-B8CC-C81CACEF7E0D}"
EndProject
Project("{FAE04EC0-301F-11D3-BF4B-00C04F79EFBC}") = "CodeBlogFitness.CMD", "CodeBlogFitness.CMD\CodeBlogFitness.CMD.csproj", "{2C64E58C-4161-41CC-A067-543199AC5690}"
EndProject
Global
	GlobalSection(SolutionConfigurationPlatforms) = preSolution
		Debug|Any CPU = Debug|Any CPU
		Release|Any CPU = Release|Any CPU
	EndGlobalSection
	GlobalSection(ProjectConfigurationPlatforms) = postSolution
		{C7EE0A44-8BBC-4742-B8CC-C81CACEF7E0D}.Debug|Any CPU.ActiveCfg = Debug|Any CPU
		{C7EE0A44-8BBC-4742-B8CC-C81CACEF7E0D}.Debug|Any CPU.Build.0 = Debug|Any CPU
		{C7EE0A44-8BBC-4742-B8CC-C81CACEF7E0D}.Release|Any CPU.ActiveCfg = Release|Any CPU
		{C7EE0A44-8BBC-4742-B8CC-C81CACEF7E0D}.Release|Any CPU.Build.0 = Release|Any CPU
		{2C64E58C-4161-41CC-A067-543199AC5690}.Debug|Any CPU.ActiveCfg = Debug|Any CPU
		{2C64E58C-4161-41CC-A067-543199AC5690}.Debug|Any CPU.Build.0 = Debug|Any CPU
		{2C64E58C-4161-41CC-A067-543199AC5690}.Release|Any CPU.ActiveCfg = Release|Any CPU
		{2C64E58C-4161-41CC-A067-543199AC5690}.Release|Any CPU.Build.0 = Release|Any CPU
	EndGlobalSection
	GlobalSection(SolutionProperties) = preSolution
		HideSolutionNode = FALSE
	EndGlobalSection
	GlobalSection(ExtensibilityGlobals) = postSolution
		SolutionGuid = {9D996BF8-8360-4737-9E40-C7F2942F2498}
	EndGlobalSection
EndGlobal
